{
  "nodes": {
    "disko": {
      "inputs": {
        "nixpkgs": "nixpkgs"
      },
      "locked": {
        "lastModified": 1764110879,
        "narHash": "sha256-xanUzIb0tf3kJ+PoOFmXEXV1jM3PjkDT/TQ5DYeNYRc=",
        "owner": "nix-community",
        "repo": "disko",
        "rev": "aecba248f9a7d68c5d1ed15de2d1c8a4c994a3c5",
        "type": "github"
      },
      "original": {
        "owner": "nix-community",
        "repo": "disko",
        "type": "github"
      }
    },
    "impermanence": {
      "locked": {
        "lastModified": 1737831083,
        "narHash": "sha256-LJggUHbpyeDvNagTUrdhe/pRVp4pnS6wVKALS782gRI=",
        "owner": "nix-community",
        "repo": "impermanence",
        "rev": "4b3e914cdf97a5b536a889e939fb2fd2b043a170",
        "type": "github"
      },
      "original": {
        "owner": "nix-community",
        "repo": "impermanence",
        "type": "github"
      }
    },
    "nix-index-database": {
      "inputs": {
        "nixpkgs": [
          "nixpkgs"
        ]
      },
      "locked": {
        "lastModified": 1763870992,
        "narHash": "sha256-NPyc76Wxmv/vAsXJ8F+/8fXECHYcv2YGSqdiSHp/F/A=",
        "owner": "nix-community",
        "repo": "nix-index-database",
        "rev": "d7423982c7a26586aa237d130b14c8b302c7a367",
        "type": "github"
      },
      "original": {
        "owner": "nix-community",
        "repo": "nix-index-database",
        "type": "github"
      }
    },
    "nixpkgs": {
      "locked": {
        "lastModified": 1752596105,
        "narHash": "sha256-lFNVsu/mHLq3q11MuGkMhUUoSXEdQjCHvpReaGP1S2k=",
        "owner": "NixOS",
        "repo": "nixpkgs",
        "rev": "dab3a6e781554f965bde3def0aa2fda4eb8f1708",
        "type": "github"
      },
      "original": {
        "owner": "NixOS",
        "ref": "nixpkgs-unstable",
        "repo": "nixpkgs",
        "type": "github"
      }
    },
    "nixpkgs-stable": {
      "locked": {
        "lastModified": 1764020296,
        "narHash": "sha256-6zddwDs2n+n01l+1TG6PlyokDdXzu/oBmEejcH5L5+A=",
        "owner": "nixos",
        "repo": "nixpkgs",
        "rev": "a320ce8e6e2cc6b4397eef214d202a50a4583829",
        "type": "github"
      },
      "original": {
        "owner": "nixos",
        "ref": "nixos-25.11",
        "repo": "nixpkgs",
        "type": "github"
      }
    },
    "nixpkgs_2": {
      "locked": {
        "lastModified": 1763966396,
        "narHash": "sha256-6eeL1YPcY1MV3DDStIDIdy/zZCDKgHdkCmsrLJFiZf0=",
        "owner": "nixos",
        "repo": "nixpkgs",
        "rev": "5ae3b07d8d6527c42f17c876e404993199144b6a",
        "type": "github"
      },
      "original": {
        "owner": "nixos",
        "ref": "nixos-unstable",
        "repo": "nixpkgs",
        "type": "github"
      }
    },
    "persist-retro": {
      "locked": {
        "lastModified": 1709936804,
        "narHash": "sha256-PXLha5hQLAFasIkSO4HJn9/pUbpXo8dtUKuXYYHsh6Y=",
        "owner": "Geometer1729",
        "repo": "persist-retro",
        "rev": "28b016825449dc3f893e0515abfed418baed011f",
        "type": "github"
      },
      "original": {
        "owner": "Geometer1729",
        "repo": "persist-retro",
        "type": "github"
      }
    },
    "root": {
      "inputs": {
        "disko": "disko",
        "impermanence": "impermanence",
        "nix-index-database": "nix-index-database",
        "nixpkgs": "nixpkgs_2",
        "nixpkgs-stable": "nixpkgs-stable",
        "persist-retro": "persist-retro"
      }
    }
  },
  "root": "root",
  "version": 7
}
